Microsoft Visual Studio Solution File, Format Version 11.00
# Visual Studio 2008

Project("{6DB13B0C-8359-C740-3FAD-5458542E3625}") = "hildas", "Assembly-CSharp.csproj", "{42044F60-EDA8-34CE-585C-DD2D57243214}"
EndProject
Global
	GlobalSection(SolutionConfigurationPlatforms) = preSolution
		Debug|Any CPU = Debug|Any CPU
		Release|Any CPU = Release|Any CPU
	EndGlobalSection
	GlobalSection(ProjectConfigurationPlatforms) = postSolution
		{42044F60-EDA8-34CE-585C-DD2D57243214}.Debug|Any CPU.ActiveCfg = Debug|Any CPU
		{42044F60-EDA8-34CE-585C-DD2D57243214}.Debug|Any CPU.Build.0 = Debug|Any CPU
		{42044F60-EDA8-34CE-585C-DD2D57243214}.Release|Any CPU.ActiveCfg = Release|Any CPU
		{42044F60-EDA8-34CE-585C-DD2D57243214}.Release|Any CPU.Build.0 = Release|Any CPU
	EndGlobalSection
	GlobalSection(SolutionProperties) = preSolution
		HideSolutionNode = FALSE
	EndGlobalSection
	GlobalSection(MonoDevelopProperties) = preSolution
		StartupItem = Assembly-CSharp.csproj
	EndGlobalSection
EndGlobal
